// !$*UTF8*$!
{
	archiveVersion = 1;
	classes = {
	};
	objectVersion = 55;
	objects = {

/* Begin PBXBuildFile section */
		CB9014672882D2D7005A1AD9 /* Parallax_SwiftUIApp.swift in Sources */ = {isa = PBXBuildFile; fileRef = CB9014662882D2D7005A1AD9 /* Parallax_SwiftUIApp.swift */; };
		CB9014692882D2D7005A1AD9 /* ContentView.swift in Sources */ = {isa = PBXBuildFile; fileRef = CB9014682882D2D7005A1AD9 /* ContentView.swift */; };
		CB90146B2882D2D9005A1AD9 /* Assets.xcassets in Resources */ = {isa = PBXBuildFile; fileRef = CB90146A2882D2D9005A1AD9 /* Assets.xcassets */; };
		CB90146E2882D2D9005A1AD9 /* Preview Assets.xcassets in Resources */ = {isa = PBXBuildFile; fileRef = CB90146D2882D2D9005A1AD9 /* Preview Assets.xcassets */; };
		CB9014792882D47D005A1AD9 /* HomeView.swift in Sources */ = {isa = PBXBuildFile; fileRef = CB9014782882D47D005A1AD9 /* HomeView.swift */; };
		CB90147D2882DF1E005A1AD9 /* CardData.swift in Sources */ = {isa = PBXBuildFile; fileRef = CB90147C2882DF1E005A1AD9 /* CardData.swift */; };
		CB9014802882E305005A1AD9 /* Extensions.swift in Sources */ = {isa = PBXBuildFile; fileRef = CB90147F2882E305005A1AD9 /* Extensions.swift */; };
		CB901486288351EF005A1AD9 /* CreditView.swift in Sources */ = {isa = PBXBuildFile; fileRef = CB901485288351EF005A1AD9 /* CreditView.swift */; };
/* End PBXBuildFile section */

/* Begin PBXFileReference section */
		CB9014632882D2D7005A1AD9 /* Parallax-SwiftUI.app */ = {isa = PBXFileReference; explicitFileType = wrapper.application; includeInIndex = 0; path = "Parallax-SwiftUI.app"; sourceTree = BUILT_PRODUCTS_DIR; };
		CB9014662882D2D7005A1AD9 /* Parallax_SwiftUIApp.swift */ = {isa = PBXFileReference; lastKnownFileType = sourcecode.swift; path = Parallax_SwiftUIApp.swift; sourceTree = "<group>"; };
		CB9014682882D2D7005A1AD9 /* ContentView.swift */ = {isa = PBXFileReference; lastKnownFileType = sourcecode.swift; path = ContentView.swift; sourceTree = "<group>"; };
		CB90146A2882D2D9005A1AD9 /* Assets.xcassets */ = {isa = PBXFileReference; lastKnownFileType = folder.assetcatalog; path = Assets.xcassets; sourceTree = "<group>"; };
		CB90146D2882D2D9005A1AD9 /* Preview Assets.xcassets */ = {isa = PBXFileReference; lastKnownFileType = folder.assetcatalog; path = "Preview Assets.xcassets"; sourceTree = "<group>"; };
		CB9014782882D47D005A1AD9 /* HomeView.swift */ = {isa = PBXFileReference; lastKnownFileType = sourcecode.swift; path = HomeView.swift; sourceTree = "<group>"; };
		CB90147C2882DF1E005A1AD9 /* CardData.swift */ = {isa = PBXFileReference; lastKnownFileType = sourcecode.swift; path = CardData.swift; sourceTree = "<group>"; };
		CB90147F2882E305005A1AD9 /* Extensions.swift */ = {isa = PBXFileReference; lastKnownFileType = sourcecode.swift; path = Extensions.swift; sourceTree = "<group>"; };
		CB901485288351EF005A1AD9 /* CreditView.swift */ = {isa = PBXFileReference; lastKnownFileType = sourcecode.swift; path = CreditView.swift; sourceTree = "<group>"; };
/* End PBXFileReference section */

/* Begin PBXFrameworksBuildPhase section */
		CB9014602882D2D7005A1AD9 /* Frameworks */ = {
			isa = PBXFrameworksBuildPhase;
			buildActionMask = 2147483647;
			files = (
			);
			runOnlyForDeploymentPostprocessing = 0;
		};
/* End PBXFrameworksBuildPhase section */

/* Begin PBXGroup section */
		CB90145A2882D2D7005A1AD9 = {
			isa = PBXGroup;
			children = (
				CB9014652882D2D7005A1AD9 /* Parallax-SwiftUI */,
				CB9014642882D2D7005A1AD9 /* Products */,
			);
			sourceTree = "<group>";
		};
		CB9014642882D2D7005A1AD9 /* Products */ = {
			isa = PBXGroup;
			children = (
				CB9014632882D2D7005A1AD9 /* Parallax-SwiftUI.app */,
			);
			name = Products;
			sourceTree = "<group>";
		};
		CB9014652882D2D7005A1AD9 /* Parallax-SwiftUI */ = {
			isa = PBXGroup;
			children = (
				CB9014762882D2F5005A1AD9 /* Model */,
				CB9014742882D2E9005A1AD9 /* View */,
				CB9014772882D2FB005A1AD9 /* ViewModel */,
				CB9014662882D2D7005A1AD9 /* Parallax_SwiftUIApp.swift */,
				CB90147F2882E305005A1AD9 /* Extensions.swift */,
				CB9014682882D2D7005A1AD9 /* ContentView.swift */,
				CB90146A2882D2D9005A1AD9 /* Assets.xcassets */,
				CB90146C2882D2D9005A1AD9 /* Preview Content */,
			);
			path = "Parallax-SwiftUI";
			sourceTree = "<group>";
		};
		CB90146C2882D2D9005A1AD9 /* Preview Content */ = {
			isa = PBXGroup;
			children = (
				CB90146D2882D2D9005A1AD9 /* Preview Assets.xcassets */,
			);
			path = "Preview Content";
			sourceTree = "<group>";
		};
		CB9014742882D2E9005A1AD9 /* View */ = {
			isa = PBXGroup;
			children = (
				CB9014782882D47D005A1AD9 /* HomeView.swift */,
				CB901485288351EF005A1AD9 /* CreditView.swift */,
			);
			path = View;
			sourceTree = "<group>";
		};
		CB9014762882D2F5005A1AD9 /* Model */ = {
			isa = PBXGroup;
			children = (
				CB90147C2882DF1E005A1AD9 /* CardData.swift */,
			);
			path = Model;
			sourceTree = "<group>";
		};
		CB9014772882D2FB005A1AD9 /* ViewModel */ = {
			isa = PBXGroup;
			children = (
			);
			path = ViewModel;
			sourceTree = "<group>";
		};
/* End PBXGroup section */

/* Begin PBXNativeTarget section */
		CB9014622882D2D7005A1AD9 /* Parallax-SwiftUI */ = {
			isa = PBXNativeTarget;
			buildConfigurationList = CB9014712882D2D9005A1AD9 /* Build configuration list for PBXNativeTarget "Parallax-SwiftUI" */;
			buildPhases = (
				CB90145F2882D2D7005A1AD9 /* Sources */,
				CB9014602882D2D7005A1AD9 /* Frameworks */,
				CB9014612882D2D7005A1AD9 /* Resources */,
			);
			buildRules = (
			);
			dependencies = (
			);
			name = "Parallax-SwiftUI";
			productName = "Parallax-SwiftUI";
			productReference = CB9014632882D2D7005A1AD9 /* Parallax-SwiftUI.app */;
			productType = "com.apple.product-type.application";
		};
/* End PBXNativeTarget section */

/* Begin PBXProject section */
		CB90145B2882D2D7005A1AD9 /* Project object */ = {
			isa = PBXProject;
			attributes = {
				BuildIndependentTargetsInParallel = 1;
				LastSwiftUpdateCheck = 1340;
				LastUpgradeCheck = 1340;
				TargetAttributes = {
					CB9014622882D2D7005A1AD9 = {
						CreatedOnToolsVersion = 13.4.1;
					};
				};
			};
			buildConfigurationList = CB90145E2882D2D7005A1AD9 /* Build configuration list for PBXProject "Parallax-SwiftUI" */;
			compatibilityVersion = "Xcode 13.0";
			developmentRegion = en;
			hasScannedForEncodings = 0;
			knownRegions = (
				en,
				Base,
			);
			mainGroup = CB90145A2882D2D7005A1AD9;
			productRefGroup = CB9014642882D2D7005A1AD9 /* Products */;
			projectDirPath = "";
			projectRoot = "";
			targets = (
				CB9014622882D2D7005A1AD9 /* Parallax-SwiftUI */,
			);
		};
/* End PBXProject section */

/* Begin PBXResourcesBuildPhase section */
		CB9014612882D2D7005A1AD9 /* Resources */ = {
			isa = PBXResourcesBuildPhase;
			buildActionMask = 2147483647;
			files = (
				CB90146E2882D2D9005A1AD9 /* Preview Assets.xcassets in Resources */,
				CB90146B2882D2D9005A1AD9 /* Assets.xcassets in Resources */,
			);
			runOnlyForDeploymentPostprocessing = 0;
		};
/* End PBXResourcesBuildPhase section */

/* Begin PBXSourcesBuildPhase section */
		CB90145F2882D2D7005A1AD9 /* Sources */ = {
			isa = PBXSourcesBuildPhase;
			buildActionMask = 2147483647;
			files = (
				CB9014802882E305005A1AD9 /* Extensions.swift in Sources */,
				CB901486288351EF005A1AD9 /* CreditView.swift in Sources */,
				CB90147D2882DF1E005A1AD9 /* CardData.swift in Sources */,
				CB9014792882D47D005A1AD9 /* HomeView.swift in Sources */,
				CB9014692882D2D7005A1AD9 /* ContentView.swift in Sources */,
				CB9014672882D2D7005A1AD9 /* Parallax_SwiftUIApp.swift in Sources */,
			);
			runOnlyForDeploymentPostprocessing = 0;
		};
/* End PBXSourcesBuildPhase section */

/* Begin XCBuildConfiguration section */
		CB90146F2882D2D9005A1AD9 /* Debug */ = {
			isa = XCBuildConfiguration;
			buildSettings = {
				ALWAYS_SEARCH_USER_PATHS = NO;
				CLANG_ANALYZER_NONNULL = YES;
				CLANG_ANALYZER_NUMBER_OBJECT_CONVERSION = YES_AGGRESSIVE;
				CLANG_CXX_LANGUAGE_STANDARD = "gnu++17";
				CLANG_ENABLE_MODULES = YES;
				CLANG_ENABLE_OBJC_ARC = YES;
				CLANG_ENABLE_OBJC_WEAK = YES;
				CLANG_WARN_BLOCK_CAPTURE_AUTORELEASING = YES;
				CLANG_WARN_BOOL_CONVERSION = YES;
				CLANG_WARN_COMMA = YES;
				CLANG_WARN_CONSTANT_CONVERSION = YES;
				CLANG_WARN_DEPRECATED_OBJC_IMPLEMENTATIONS = YES;
				CLANG_WARN_DIRECT_OBJC_ISA_USAGE = YES_ERROR;
				CLANG_WARN_DOCUMENTATION_COMMENTS = YES;
				CLANG_WARN_EMPTY_BODY = YES;
				CLANG_WARN_ENUM_CONVERSION = YES;
				CLANG_WARN_INFINITE_RECURSION = YES;
				CLANG_WARN_INT_CONVERSION = YES;
				CLANG_WARN_NON_LITERAL_NULL_CONVERSION = YES;
				CLANG_WARN_OBJC_IMPLICIT_RETAIN_SELF = YES;
				CLANG_WARN_OBJC_LITERAL_CONVERSION = YES;
				CLANG_WARN_OBJC_ROOT_CLASS = YES_ERROR;
				CLANG_WARN_QUOTED_INCLUDE_IN_FRAMEWORK_HEADER = YES;
				CLANG_WARN_RANGE_LOOP_ANALYSIS = YES;
				CLANG_WARN_STRICT_PROTOTYPES = YES;
				CLANG_WARN_SUSPICIOUS_MOVE = YES;
				CLANG_WARN_UNGUARDED_AVAILABILITY = YES_AGGRESSIVE;
				CLANG_WARN_UNREACHABLE_CODE = YES;
				CLANG_WARN__DUPLICATE_METHOD_MATCH = YES;
				COPY_PHASE_STRIP = NO;
				DEBUG_INFORMATION_FORMAT = dwarf;
				ENABLE_STRICT_OBJC_MSGSEND = YES;
				ENABLE_TESTABILITY = YES;
				GCC_C_LANGUAGE_STANDARD = gnu11;
				GCC_DYNAMIC_NO_PIC = NO;
				GCC_NO_COMMON_BLOCKS = YES;
				GCC_OPTIMIZATION_LEVEL = 0;
				GCC_PREPROCESSOR_DEFINITIONS = (
					"DEBUG=1",
					"$(inherited)",
				);
				GCC_WARN_64_TO_32_BIT_CONVERSION = YES;
				GCC_WARN_ABOUT_RETURN_TYPE = YES_ERROR;
				GCC_WARN_UNDECLARED_SELECTOR = YES;
				GCC_WARN_UNINITIALIZED_AUTOS = YES_AGGRESSIVE;
				GCC_WARN_UNUSED_FUNCTION = YES;
				GCC_WARN_UNUSED_VARIABLE = YES;
				IPHONEOS_DEPLOYMENT_TARGET = 15.0;
				MTL_ENABLE_DEBUG_INFO = INCLUDE_SOURCE;
				MTL_FAST_MATH = YES;
				ONLY_ACTIVE_ARCH = YES;
				SDKROOT = iphoneos;
				SWIFT_ACTIVE_COMPILATION_CONDITIONS = DEBUG;
				SWIFT_OPTIMIZATION_LEVEL = "-Onone";
			};
			name = Debug;
		};
		CB9014702882D2D9005A1AD9 /* Release */ = {
			isa = XCBuildConfiguration;
			buildSettings = {
				ALWAYS_SEARCH_USER_PATHS = NO;
				CLANG_ANALYZER_NONNULL = YES;
				CLANG_ANALYZER_NUMBER_OBJECT_CONVERSION = YES_AGGRESSIVE;
				CLANG_CXX_LANGUAGE_STANDARD = "gnu++17";
				CLANG_ENABLE_MODULES = YES;
				CLANG_ENABLE_OBJC_ARC = YES;
				CLANG_ENABLE_OBJC_WEAK = YES;
				CLANG_WARN_BLOCK_CAPTURE_AUTORELEASING = YES;
				CLANG_WARN_BOOL_CONVERSION = YES;
				CLANG_WARN_COMMA = YES;
				CLANG_WARN_CONSTANT_CONVERSION = YES;
				CLANG_WARN_DEPRECATED_OBJC_IMPLEMENTATIONS = YES;
				CLANG_WARN_DIRECT_OBJC_ISA_USAGE = YES_ERROR;
				CLANG_WARN_DOCUMENTATION_COMMENTS = YES;
				CLANG_WARN_EMPTY_BODY = YES;
				CLANG_WARN_ENUM_CONVERSION = YES;
				CLANG_WARN_INFINITE_RECURSION = YES;
				CLANG_WARN_INT_CONVERSION = YES;
				CLANG_WARN_NON_LITERAL_NULL_CONVERSION = YES;
				CLANG_WARN_OBJC_IMPLICIT_RETAIN_SELF = YES;
				CLANG_WARN_OBJC_LITERAL_CONVERSION = YES;
				CLANG_WARN_OBJC_ROOT_CLASS = YES_ERROR;
				CLANG_WARN_QUOTED_INCLUDE_IN_FRAMEWORK_HEADER = YES;
				CLANG_WARN_RANGE_LOOP_ANALYSIS = YES;
				CLANG_WARN_STRICT_PROTOTYPES = YES;
				CLANG_WARN_SUSPICIOUS_MOVE = YES;
				CLANG_WARN_UNGUARDED_AVAILABILITY = YES_AGGRESSIVE;
				CLANG_WARN_UNREACHABLE_CODE = YES;
				CLANG_WARN__DUPLICATE_METHOD_MATCH = YES;
				COPY_PHASE_STRIP = NO;
				DEBUG_INFORMATION_FORMAT = "dwarf-with-dsym";
				ENABLE_NS_ASSERTIONS = NO;
				ENABLE_STRICT_OBJC_MSGSEND = YES;
				GCC_C_LANGUAGE_STANDARD = gnu11;
				GCC_NO_COMMON_BLOCKS = YES;
				GCC_WARN_64_TO_32_BIT_CONVERSION = YES;
				GCC_WARN_ABOUT_RETURN_TYPE = YES_ERROR;
				GCC_WARN_UNDECLARED_SELECTOR = YES;
				GCC_WARN_UNINITIALIZED_AUTOS = YES_AGGRESSIVE;
				GCC_WARN_UNUSED_FUNCTION = YES;
				GCC_WARN_UNUSED_VARIABLE = YES;
				IPHONEOS_DEPLOYMENT_TARGET = 15.0;
				MTL_ENABLE_DEBUG_INFO = NO;
				MTL_FAST_MATH = YES;
				SDKROOT = iphoneos;
				SWIFT_COMPILATION_MODE = wholemodule;
				SWIFT_OPTIMIZATION_LEVEL = "-O";
				VALIDATE_PRODUCT = YES;
			};
			name = Release;
		};
		CB9014722882D2D9005A1AD9 /* Debug */ = {
			isa = XCBuildConfiguration;
			buildSettings = {
				ASSETCATALOG_COMPILER_APPICON_NAME = AppIcon;
				ASSETCATALOG_COMPILER_GLOBAL_ACCENT_COLOR_NAME = AccentColor;
				CODE_SIGN_STYLE = Automatic;
				CURRENT_PROJECT_VERSION = 1;
				DEVELOPMENT_ASSET_PATHS = "\"Parallax-SwiftUI/Preview Content\"";
				DEVELOPMENT_TEAM = 2CYTFH24FS;
				ENABLE_PREVIEWS = YES;
				GENERATE_INFOPLIST_FILE = YES;
				INFOPLIST_KEY_UIApplicationSceneManifest_Generation = YES;
				INFOPLIST_KEY_UIApplicationSupportsIndirectInputEvents = YES;
				INFOPLIST_KEY_UILaunchScreen_Generation = YES;
				INFOPLIST_KEY_UISupportedInterfaceOrientations_iPad = "UIInterfaceOrientationPortrait UIInterfaceOrientationPortraitUpsideDown UIInterfaceOrientationLandscapeLeft UIInterfaceOrientationLandscapeRight";
				INFOPLIST_KEY_UISupportedInterfaceOrientations_iPhone = "UIInterfaceOrientationPortrait UIInterfaceOrientationLandscapeLeft UIInterfaceOrientationLandscapeRight";
				LD_RUNPATH_SEARCH_PATHS = (
					"$(inherited)",
					"@executable_path/Frameworks",
				);
				MARKETING_VERSION = 1.0;
				PRODUCT_BUNDLE_IDENTIFIER = "id.Parallax-SwiftUI";
				PRODUCT_NAME = "$(TARGET_NAME)";
				SWIFT_EMIT_LOC_STRINGS = YES;
				SWIFT_VERSION = 5.0;
				TARGETED_DEVICE_FAMILY = "1,2";
			};
			name = Debug;
		};
		CB9014732882D2D9005A1AD9 /* Release */ = {
			isa = XCBuildConfiguration;
			buildSettings = {
				ASSETCATALOG_COMPILER_APPICON_NAME = AppIcon;
				ASSETCATALOG_COMPILER_GLOBAL_ACCENT_COLOR_NAME = AccentColor;
				CODE_SIGN_STYLE = Automatic;
				CURRENT_PROJECT_VERSION = 1;
				DEVELOPMENT_ASSET_PATHS = "\"Parallax-SwiftUI/Preview Content\"";
				DEVELOPMENT_TEAM = 2CYTFH24FS;
				ENABLE_PREVIEWS = YES;
				GENERATE_INFOPLIST_FILE = YES;
				INFOPLIST_KEY_UIApplicationSceneManifest_Generation = YES;
				INFOPLIST_KEY_UIApplicationSupportsIndirectInputEvents = YES;
				INFOPLIST_KEY_UILaunchScreen_Generation = YES;
				INFOPLIST_KEY_UISupportedInterfaceOrientations_iPad = "UIInterfaceOrientationPortrait UIInterfaceOrientationPortraitUpsideDown UIInterfaceOrientationLandscapeLeft UIInterfaceOrientationLandscapeRight";
				INFOPLIST_KEY_UISupportedInterfaceOrientations_iPhone = "UIInterfaceOrientationPortrait UIInterfaceOrientationLandscapeLeft UIInterfaceOrientationLandscapeRight";
				LD_RUNPATH_SEARCH_PATHS = (
					"$(inherited)",
					"@executable_path/Frameworks",
				);
				MARKETING_VERSION = 1.0;
				PRODUCT_BUNDLE_IDENTIFIER = "id.Parallax-SwiftUI";
				PRODUCT_NAME = "$(TARGET_NAME)";
				SWIFT_EMIT_LOC_STRINGS = YES;
				SWIFT_VERSION = 5.0;
				TARGETED_DEVICE_FAMILY = "1,2";
			};
			name = Release;
		};
/* End XCBuildConfiguration section */

/* Begin XCConfigurationList section */
		CB90145E2882D2D7005A1AD9 /* Build configuration list for PBXProject "Parallax-SwiftUI" */ = {
			isa = XCConfigurationList;
			buildConfigurations = (
				CB90146F2882D2D9005A1AD9 /* Debug */,
				CB9014702882D2D9005A1AD9 /* Release */,
			);
			defaultConfigurationIsVisible = 0;
			defaultConfigurationName = Release;
		};
		CB9014712882D2D9005A1AD9 /* Build configuration list for PBXNativeTarget "Parallax-SwiftUI" */ = {
			isa = XCConfigurationList;
			buildConfigurations = (
				CB9014722882D2D9005A1AD9 /* Debug */,
				CB9014732882D2D9005A1AD9 /* Release */,
			);
			defaultConfigurationIsVisible = 0;
			defaultConfigurationName = Release;
		};
/* End XCConfigurationList section */
	};
	rootObject = CB90145B2882D2D7005A1AD9 /* Project object */;
}
